{
  "version": "5",
  "remote": {
    "https://edge.netlify.com/": "fd941d61d88673d5f28aab283fb86fcc50f08a3bc80ee5470498fcfa88c65cfb",
    "https://edge.netlify.com/bootstrap/config.ts": "6a2ce0e544e15e8f8883a5c18da5948e37fd0f2619f68cb31f3af53c51817025",
    "https://edge.netlify.com/bootstrap/context.ts": "e97240232121e2f369f6546ce961490f34d961ea1ea54be3ff09633e3f08373f",
    "https://edge.netlify.com/bootstrap/cookie.ts": "8b0baae708989ca183c6f3b4ab3d029e6abcbc2e43f93edeb0ff447b3bbc3a05",
    "https://edge.netlify.com/bootstrap/edge_function.ts": "b8253e86aa83c67341f5cfedeba5049d77fbf84dcab7eceff7566b7728ae9b39",
    "https://edge.netlify.com/bootstrap/globals/types.ts": "eaa6148ded3121d8dee62dd91c86e7fe76601df0f3ca8d7962243a30f4c8935f"
  },
  "workspace": {
    "packageJson": {
      "dependencies": [
        "npm:@chakra-ui/react@^3.34.0",
        "npm:@emotion/react@^11.14.0",
        "npm:@emotion/styled@^11.14.1",
        "npm:@eslint/js@^9.36.0",
        "npm:@netlify/functions@^5.1.3",
        "npm:@tanstack/eslint-plugin-query@^5.91.4",
        "npm:@tanstack/react-query-devtools@^5.91.3",
        "npm:@tanstack/react-query@^5.90.21",
        "npm:@types/cors@^2.8.19",
        "npm:@types/express@^5.0.6",
        "npm:@types/node@^25.5.0",
        "npm:@types/react-dom@^19.2.3",
        "npm:@types/react@^19.2.14",
        "npm:@vitejs/plugin-react@^5.1.2",
        "npm:@vitest/coverage-v8@4.1.0",
        "npm:autoprefixer@^10.4.27",
        "npm:axios@^1.13.6",
        "npm:concurrently@^9.2.1",
        "npm:cors@^2.8.6",
        "npm:dotenv@^17.3.1",
        "npm:eslint-plugin-react-hooks@^5.2.0",
        "npm:eslint-plugin-react-refresh@~0.4.26",
        "npm:eslint@^9.39.2",
        "npm:express@^5.2.1",
        "npm:globals@^16.5.0",
        "npm:husky@^9.1.7",
        "npm:knip@^6.0.1",
        "npm:lint-staged@^16.4.0",
        "npm:lucide-react@0.545",
        "npm:next-themes@~0.4.6",
        "npm:postcss@^8.5.8",
        "npm:posthog-node@^5.28.5",
        "npm:react-dom@^19.2.4",
        "npm:react-icons@^5.6.0",
        "npm:react@^19.2.4",
        "npm:typescript-eslint@^8.57.0",
        "npm:typescript@^5.9.3",
        "npm:vite@^7.3.1",
        "npm:vitest@^4.1.0"
      ]
    }
  }
}
